// !$*UTF8*$!
{
	archiveVersion = 1;
	classes = {
	};
	objectVersion = 56;
	objects = {

/* Begin PBXBuildFile section */
		552D3098297D771800DBDEEB /* SwiftUIThinkingBootcampAppApp.swift in Sources */ = {isa = PBXBuildFile; fileRef = 552D3097297D771800DBDEEB /* SwiftUIThinkingBootcampAppApp.swift */; };
		552D309A297D771800DBDEEB /* ContentView.swift in Sources */ = {isa = PBXBuildFile; fileRef = 552D3099297D771800DBDEEB /* ContentView.swift */; };
		552D309C297D771900DBDEEB /* Assets.xcassets in Resources */ = {isa = PBXBuildFile; fileRef = 552D309B297D771900DBDEEB /* Assets.xcassets */; };
		552D309F297D771900DBDEEB /* Preview Assets.xcassets in Resources */ = {isa = PBXBuildFile; fileRef = 552D309E297D771900DBDEEB /* Preview Assets.xcassets */; };
		552D30A6297D774200DBDEEB /* TextBootcamp.swift in Sources */ = {isa = PBXBuildFile; fileRef = 552D30A5297D774200DBDEEB /* TextBootcamp.swift */; };
		552D30A8297D811600DBDEEB /* ShapesBootcamp.swift in Sources */ = {isa = PBXBuildFile; fileRef = 552D30A7297D811600DBDEEB /* ShapesBootcamp.swift */; };
		552D30AA297D974200DBDEEB /* ColorBootcamp.swift in Sources */ = {isa = PBXBuildFile; fileRef = 552D30A9297D974200DBDEEB /* ColorBootcamp.swift */; };
		55DC74F12980313600B3CC85 /* GradientBootcamp.swift in Sources */ = {isa = PBXBuildFile; fileRef = 55DC74F02980313600B3CC85 /* GradientBootcamp.swift */; };
		55DC74F3298037AA00B3CC85 /* IconsBootcamp.swift in Sources */ = {isa = PBXBuildFile; fileRef = 55DC74F2298037A900B3CC85 /* IconsBootcamp.swift */; };
		55DC74FB298165C400B3CC85 /* ImageBootcamp.swift in Sources */ = {isa = PBXBuildFile; fileRef = 55DC74FA298165C400B3CC85 /* ImageBootcamp.swift */; };
/* End PBXBuildFile section */

/* Begin PBXFileReference section */
		552D3094297D771800DBDEEB /* SwiftUIThinkingBootcampApp.app */ = {isa = PBXFileReference; explicitFileType = wrapper.application; includeInIndex = 0; path = SwiftUIThinkingBootcampApp.app; sourceTree = BUILT_PRODUCTS_DIR; };
		552D3097297D771800DBDEEB /* SwiftUIThinkingBootcampAppApp.swift */ = {isa = PBXFileReference; lastKnownFileType = sourcecode.swift; path = SwiftUIThinkingBootcampAppApp.swift; sourceTree = "<group>"; };
		552D3099297D771800DBDEEB /* ContentView.swift */ = {isa = PBXFileReference; lastKnownFileType = sourcecode.swift; path = ContentView.swift; sourceTree = "<group>"; };
		552D309B297D771900DBDEEB /* Assets.xcassets */ = {isa = PBXFileReference; lastKnownFileType = folder.assetcatalog; path = Assets.xcassets; sourceTree = "<group>"; };
		552D309E297D771900DBDEEB /* Preview Assets.xcassets */ = {isa = PBXFileReference; lastKnownFileType = folder.assetcatalog; path = "Preview Assets.xcassets"; sourceTree = "<group>"; };
		552D30A5297D774200DBDEEB /* TextBootcamp.swift */ = {isa = PBXFileReference; lastKnownFileType = sourcecode.swift; path = TextBootcamp.swift; sourceTree = "<group>"; };
		552D30A7297D811600DBDEEB /* ShapesBootcamp.swift */ = {isa = PBXFileReference; lastKnownFileType = sourcecode.swift; path = ShapesBootcamp.swift; sourceTree = "<group>"; };
		552D30A9297D974200DBDEEB /* ColorBootcamp.swift */ = {isa = PBXFileReference; lastKnownFileType = sourcecode.swift; path = ColorBootcamp.swift; sourceTree = "<group>"; };
		55DC74F02980313600B3CC85 /* GradientBootcamp.swift */ = {isa = PBXFileReference; lastKnownFileType = sourcecode.swift; path = GradientBootcamp.swift; sourceTree = "<group>"; };
		55DC74F2298037A900B3CC85 /* IconsBootcamp.swift */ = {isa = PBXFileReference; lastKnownFileType = sourcecode.swift; path = IconsBootcamp.swift; sourceTree = "<group>"; };
		55DC74FA298165C400B3CC85 /* ImageBootcamp.swift */ = {isa = PBXFileReference; lastKnownFileType = sourcecode.swift; path = ImageBootcamp.swift; sourceTree = "<group>"; };
/* End PBXFileReference section */

/* Begin PBXFrameworksBuildPhase section */
		552D3091297D771800DBDEEB /* Frameworks */ = {
			isa = PBXFrameworksBuildPhase;
			buildActionMask = 2147483647;
			files = (
			);
			runOnlyForDeploymentPostprocessing = 0;
		};
/* End PBXFrameworksBuildPhase section */

/* Begin PBXGroup section */
		552D308B297D771800DBDEEB = {
			isa = PBXGroup;
			children = (
				552D3096297D771800DBDEEB /* SwiftUIThinkingBootcampApp */,
				552D3095297D771800DBDEEB /* Products */,
			);
			sourceTree = "<group>";
		};
		552D3095297D771800DBDEEB /* Products */ = {
			isa = PBXGroup;
			children = (
				552D3094297D771800DBDEEB /* SwiftUIThinkingBootcampApp.app */,
			);
			name = Products;
			sourceTree = "<group>";
		};
		552D3096297D771800DBDEEB /* SwiftUIThinkingBootcampApp */ = {
			isa = PBXGroup;
			children = (
				552D3097297D771800DBDEEB /* SwiftUIThinkingBootcampAppApp.swift */,
				552D3099297D771800DBDEEB /* ContentView.swift */,
				552D30A5297D774200DBDEEB /* TextBootcamp.swift */,
				552D30A7297D811600DBDEEB /* ShapesBootcamp.swift */,
				552D30A9297D974200DBDEEB /* ColorBootcamp.swift */,
				55DC74F02980313600B3CC85 /* GradientBootcamp.swift */,
				55DC74F2298037A900B3CC85 /* IconsBootcamp.swift */,
				55DC74FA298165C400B3CC85 /* ImageBootcamp.swift */,
				552D309B297D771900DBDEEB /* Assets.xcassets */,
				552D309D297D771900DBDEEB /* Preview Content */,
			);
			path = SwiftUIThinkingBootcampApp;
			sourceTree = "<group>";
		};
		552D309D297D771900DBDEEB /* Preview Content */ = {
			isa = PBXGroup;
			children = (
				552D309E297D771900DBDEEB /* Preview Assets.xcassets */,
			);
			path = "Preview Content";
			sourceTree = "<group>";
		};
/* End PBXGroup section */

/* Begin PBXNativeTarget section */
		552D3093297D771800DBDEEB /* SwiftUIThinkingBootcampApp */ = {
			isa = PBXNativeTarget;
			buildConfigurationList = 552D30A2297D771900DBDEEB /* Build configuration list for PBXNativeTarget "SwiftUIThinkingBootcampApp" */;
			buildPhases = (
				552D3090297D771800DBDEEB /* Sources */,
				552D3091297D771800DBDEEB /* Frameworks */,
				552D3092297D771800DBDEEB /* Resources */,
			);
			buildRules = (
			);
			dependencies = (
			);
			name = SwiftUIThinkingBootcampApp;
			productName = SwiftUIThinkingBootcampApp;
			productReference = 552D3094297D771800DBDEEB /* SwiftUIThinkingBootcampApp.app */;
			productType = "com.apple.product-type.application";
		};
/* End PBXNativeTarget section */

/* Begin PBXProject section */
		552D308C297D771800DBDEEB /* Project object */ = {
			isa = PBXProject;
			attributes = {
				BuildIndependentTargetsInParallel = 1;
				LastSwiftUpdateCheck = 1420;
				LastUpgradeCheck = 1420;
				TargetAttributes = {
					552D3093297D771800DBDEEB = {
						CreatedOnToolsVersion = 14.2;
					};
				};
			};
			buildConfigurationList = 552D308F297D771800DBDEEB /* Build configuration list for PBXProject "SwiftUIThinkingBootcampApp" */;
			compatibilityVersion = "Xcode 14.0";
			developmentRegion = en;
			hasScannedForEncodings = 0;
			knownRegions = (
				en,
				Base,
			);
			mainGroup = 552D308B297D771800DBDEEB;
			productRefGroup = 552D3095297D771800DBDEEB /* Products */;
			projectDirPath = "";
			projectRoot = "";
			targets = (
				552D3093297D771800DBDEEB /* SwiftUIThinkingBootcampApp */,
			);
		};
/* End PBXProject section */

/* Begin PBXResourcesBuildPhase section */
		552D3092297D771800DBDEEB /* Resources */ = {
			isa = PBXResourcesBuildPhase;
			buildActionMask = 2147483647;
			files = (
				552D309F297D771900DBDEEB /* Preview Assets.xcassets in Resources */,
				552D309C297D771900DBDEEB /* Assets.xcassets in Resources */,
			);
			runOnlyForDeploymentPostprocessing = 0;
		};
/* End PBXResourcesBuildPhase section */

/* Begin PBXSourcesBuildPhase section */
		552D3090297D771800DBDEEB /* Sources */ = {
			isa = PBXSourcesBuildPhase;
			buildActionMask = 2147483647;
			files = (
				552D30AA297D974200DBDEEB /* ColorBootcamp.swift in Sources */,
				552D30A8297D811600DBDEEB /* ShapesBootcamp.swift in Sources */,
				552D309A297D771800DBDEEB /* ContentView.swift in Sources */,
				552D30A6297D774200DBDEEB /* TextBootcamp.swift in Sources */,
				55DC74F12980313600B3CC85 /* GradientBootcamp.swift in Sources */,
				552D3098297D771800DBDEEB /* SwiftUIThinkingBootcampAppApp.swift in Sources */,
				55DC74FB298165C400B3CC85 /* ImageBootcamp.swift in Sources */,
				55DC74F3298037AA00B3CC85 /* IconsBootcamp.swift in Sources */,
			);
			runOnlyForDeploymentPostprocessing = 0;
		};
/* End PBXSourcesBuildPhase section */

/* Begin XCBuildConfiguration section */
		552D30A0297D771900DBDEEB /* Debug */ = {
			isa = XCBuildConfiguration;
			buildSettings = {
				ALWAYS_SEARCH_USER_PATHS = NO;
				CLANG_ANALYZER_NONNULL = YES;
				CLANG_ANALYZER_NUMBER_OBJECT_CONVERSION = YES_AGGRESSIVE;
				CLANG_CXX_LANGUAGE_STANDARD = "gnu++20";
				CLANG_ENABLE_MODULES = YES;
				CLANG_ENABLE_OBJC_ARC = YES;
				CLANG_ENABLE_OBJC_WEAK = YES;
				CLANG_WARN_BLOCK_CAPTURE_AUTORELEASING = YES;
				CLANG_WARN_BOOL_CONVERSION = YES;
				CLANG_WARN_COMMA = YES;
				CLANG_WARN_CONSTANT_CONVERSION = YES;
				CLANG_WARN_DEPRECATED_OBJC_IMPLEMENTATIONS = YES;
				CLANG_WARN_DIRECT_OBJC_ISA_USAGE = YES_ERROR;
				CLANG_WARN_DOCUMENTATION_COMMENTS = YES;
				CLANG_WARN_EMPTY_BODY = YES;
				CLANG_WARN_ENUM_CONVERSION = YES;
				CLANG_WARN_INFINITE_RECURSION = YES;
				CLANG_WARN_INT_CONVERSION = YES;
				CLANG_WARN_NON_LITERAL_NULL_CONVERSION = YES;
				CLANG_WARN_OBJC_IMPLICIT_RETAIN_SELF = YES;
				CLANG_WARN_OBJC_LITERAL_CONVERSION = YES;
				CLANG_WARN_OBJC_ROOT_CLASS = YES_ERROR;
				CLANG_WARN_QUOTED_INCLUDE_IN_FRAMEWORK_HEADER = YES;
				CLANG_WARN_RANGE_LOOP_ANALYSIS = YES;
				CLANG_WARN_STRICT_PROTOTYPES = YES;
				CLANG_WARN_SUSPICIOUS_MOVE = YES;
				CLANG_WARN_UNGUARDED_AVAILABILITY = YES_AGGRESSIVE;
				CLANG_WARN_UNREACHABLE_CODE = YES;
				CLANG_WARN__DUPLICATE_METHOD_MATCH = YES;
				COPY_PHASE_STRIP = NO;
				DEBUG_INFORMATION_FORMAT = dwarf;
				ENABLE_STRICT_OBJC_MSGSEND = YES;
				ENABLE_TESTABILITY = YES;
				GCC_C_LANGUAGE_STANDARD = gnu11;
				GCC_DYNAMIC_NO_PIC = NO;
				GCC_NO_COMMON_BLOCKS = YES;
				GCC_OPTIMIZATION_LEVEL = 0;
				GCC_PREPROCESSOR_DEFINITIONS = (
					"DEBUG=1",
					"$(inherited)",
				);
				GCC_WARN_64_TO_32_BIT_CONVERSION = YES;
				GCC_WARN_ABOUT_RETURN_TYPE = YES_ERROR;
				GCC_WARN_UNDECLARED_SELECTOR = YES;
				GCC_WARN_UNINITIALIZED_AUTOS = YES_AGGRESSIVE;
				GCC_WARN_UNUSED_FUNCTION = YES;
				GCC_WARN_UNUSED_VARIABLE = YES;
				IPHONEOS_DEPLOYMENT_TARGET = 16.2;
				MTL_ENABLE_DEBUG_INFO = INCLUDE_SOURCE;
				MTL_FAST_MATH = YES;
				ONLY_ACTIVE_ARCH = YES;
				SDKROOT = iphoneos;
				SWIFT_ACTIVE_COMPILATION_CONDITIONS = DEBUG;
				SWIFT_OPTIMIZATION_LEVEL = "-Onone";
			};
			name = Debug;
		};
		552D30A1297D771900DBDEEB /* Release */ = {
			isa = XCBuildConfiguration;
			buildSettings = {
				ALWAYS_SEARCH_USER_PATHS = NO;
				CLANG_ANALYZER_NONNULL = YES;
				CLANG_ANALYZER_NUMBER_OBJECT_CONVERSION = YES_AGGRESSIVE;
				CLANG_CXX_LANGUAGE_STANDARD = "gnu++20";
				CLANG_ENABLE_MODULES = YES;
				CLANG_ENABLE_OBJC_ARC = YES;
				CLANG_ENABLE_OBJC_WEAK = YES;
				CLANG_WARN_BLOCK_CAPTURE_AUTORELEASING = YES;
				CLANG_WARN_BOOL_CONVERSION = YES;
				CLANG_WARN_COMMA = YES;
				CLANG_WARN_CONSTANT_CONVERSION = YES;
				CLANG_WARN_DEPRECATED_OBJC_IMPLEMENTATIONS = YES;
				CLANG_WARN_DIRECT_OBJC_ISA_USAGE = YES_ERROR;
				CLANG_WARN_DOCUMENTATION_COMMENTS = YES;
				CLANG_WARN_EMPTY_BODY = YES;
				CLANG_WARN_ENUM_CONVERSION = YES;
				CLANG_WARN_INFINITE_RECURSION = YES;
				CLANG_WARN_INT_CONVERSION = YES;
				CLANG_WARN_NON_LITERAL_NULL_CONVERSION = YES;
				CLANG_WARN_OBJC_IMPLICIT_RETAIN_SELF = YES;
				CLANG_WARN_OBJC_LITERAL_CONVERSION = YES;
				CLANG_WARN_OBJC_ROOT_CLASS = YES_ERROR;
				CLANG_WARN_QUOTED_INCLUDE_IN_FRAMEWORK_HEADER = YES;
				CLANG_WARN_RANGE_LOOP_ANALYSIS = YES;
				CLANG_WARN_STRICT_PROTOTYPES = YES;
				CLANG_WARN_SUSPICIOUS_MOVE = YES;
				CLANG_WARN_UNGUARDED_AVAILABILITY = YES_AGGRESSIVE;
				CLANG_WARN_UNREACHABLE_CODE = YES;
				CLANG_WARN__DUPLICATE_METHOD_MATCH = YES;
				COPY_PHASE_STRIP = NO;
				DEBUG_INFORMATION_FORMAT = "dwarf-with-dsym";
				ENABLE_NS_ASSERTIONS = NO;
				ENABLE_STRICT_OBJC_MSGSEND = YES;
				GCC_C_LANGUAGE_STANDARD = gnu11;
				GCC_NO_COMMON_BLOCKS = YES;
				GCC_WARN_64_TO_32_BIT_CONVERSION = YES;
				GCC_WARN_ABOUT_RETURN_TYPE = YES_ERROR;
				GCC_WARN_UNDECLARED_SELECTOR = YES;
				GCC_WARN_UNINITIALIZED_AUTOS = YES_AGGRESSIVE;
				GCC_WARN_UNUSED_FUNCTION = YES;
				GCC_WARN_UNUSED_VARIABLE = YES;
				IPHONEOS_DEPLOYMENT_TARGET = 16.2;
				MTL_ENABLE_DEBUG_INFO = NO;
				MTL_FAST_MATH = YES;
				SDKROOT = iphoneos;
				SWIFT_COMPILATION_MODE = wholemodule;
				SWIFT_OPTIMIZATION_LEVEL = "-O";
				VALIDATE_PRODUCT = YES;
			};
			name = Release;
		};
		552D30A3297D771900DBDEEB /* Debug */ = {
			isa = XCBuildConfiguration;
			buildSettings = {
				ASSETCATALOG_COMPILER_APPICON_NAME = AppIcon;
				ASSETCATALOG_COMPILER_GLOBAL_ACCENT_COLOR_NAME = AccentColor;
				CODE_SIGN_STYLE = Automatic;
				CURRENT_PROJECT_VERSION = 1;
				DEVELOPMENT_ASSET_PATHS = "\"SwiftUIThinkingBootcampApp/Preview Content\"";
				DEVELOPMENT_TEAM = 26MUMHYS85;
				ENABLE_PREVIEWS = YES;
				GENERATE_INFOPLIST_FILE = YES;
				INFOPLIST_KEY_UIApplicationSceneManifest_Generation = YES;
				INFOPLIST_KEY_UIApplicationSupportsIndirectInputEvents = YES;
				INFOPLIST_KEY_UILaunchScreen_Generation = YES;
				INFOPLIST_KEY_UISupportedInterfaceOrientations = UIInterfaceOrientationPortrait;
				INFOPLIST_KEY_UISupportedInterfaceOrientations_iPad = "UIInterfaceOrientationLandscapeLeft UIInterfaceOrientationLandscapeRight UIInterfaceOrientationPortrait UIInterfaceOrientationPortraitUpsideDown";
				IPHONEOS_DEPLOYMENT_TARGET = 14.0;
				LD_RUNPATH_SEARCH_PATHS = (
					"$(inherited)",
					"@executable_path/Frameworks",
				);
				MARKETING_VERSION = 1.0;
				PRODUCT_BUNDLE_IDENTIFIER = vd.SwiftUIThinkingBootcampApp;
				PRODUCT_NAME = "$(TARGET_NAME)";
				SUPPORTED_PLATFORMS = "iphoneos iphonesimulator";
				SUPPORTS_MACCATALYST = NO;
				SUPPORTS_MAC_DESIGNED_FOR_IPHONE_IPAD = NO;
				SWIFT_EMIT_LOC_STRINGS = YES;
				SWIFT_VERSION = 5.0;
				TARGETED_DEVICE_FAMILY = 1;
			};
			name = Debug;
		};
		552D30A4297D771900DBDEEB /* Release */ = {
			isa = XCBuildConfiguration;
			buildSettings = {
				ASSETCATALOG_COMPILER_APPICON_NAME = AppIcon;
				ASSETCATALOG_COMPILER_GLOBAL_ACCENT_COLOR_NAME = AccentColor;
				CODE_SIGN_STYLE = Automatic;
				CURRENT_PROJECT_VERSION = 1;
				DEVELOPMENT_ASSET_PATHS = "\"SwiftUIThinkingBootcampApp/Preview Content\"";
				DEVELOPMENT_TEAM = 26MUMHYS85;
				ENABLE_PREVIEWS = YES;
				GENERATE_INFOPLIST_FILE = YES;
				INFOPLIST_KEY_UIApplicationSceneManifest_Generation = YES;
				INFOPLIST_KEY_UIApplicationSupportsIndirectInputEvents = YES;
				INFOPLIST_KEY_UILaunchScreen_Generation = YES;
				INFOPLIST_KEY_UISupportedInterfaceOrientations = UIInterfaceOrientationPortrait;
				INFOPLIST_KEY_UISupportedInterfaceOrientations_iPad = "UIInterfaceOrientationLandscapeLeft UIInterfaceOrientationLandscapeRight UIInterfaceOrientationPortrait UIInterfaceOrientationPortraitUpsideDown";
				IPHONEOS_DEPLOYMENT_TARGET = 14.0;
				LD_RUNPATH_SEARCH_PATHS = (
					"$(inherited)",
					"@executable_path/Frameworks",
				);
				MARKETING_VERSION = 1.0;
				PRODUCT_BUNDLE_IDENTIFIER = vd.SwiftUIThinkingBootcampApp;
				PRODUCT_NAME = "$(TARGET_NAME)";
				SUPPORTED_PLATFORMS = "iphoneos iphonesimulator";
				SUPPORTS_MACCATALYST = NO;
				SUPPORTS_MAC_DESIGNED_FOR_IPHONE_IPAD = NO;
				SWIFT_EMIT_LOC_STRINGS = YES;
				SWIFT_VERSION = 5.0;
				TARGETED_DEVICE_FAMILY = 1;
			};
			name = Release;
		};
/* End XCBuildConfiguration section */

/* Begin XCConfigurationList section */
		552D308F297D771800DBDEEB /* Build configuration list for PBXProject "SwiftUIThinkingBootcampApp" */ = {
			isa = XCConfigurationList;
			buildConfigurations = (
				552D30A0297D771900DBDEEB /* Debug */,
				552D30A1297D771900DBDEEB /* Release */,
			);
			defaultConfigurationIsVisible = 0;
			defaultConfigurationName = Release;
		};
		552D30A2297D771900DBDEEB /* Build configuration list for PBXNativeTarget "SwiftUIThinkingBootcampApp" */ = {
			isa = XCConfigurationList;
			buildConfigurations = (
				552D30A3297D771900DBDEEB /* Debug */,
				552D30A4297D771900DBDEEB /* Release */,
			);
			defaultConfigurationIsVisible = 0;
			defaultConfigurationName = Release;
		};
/* End XCConfigurationList section */
	};
	rootObject = 552D308C297D771800DBDEEB /* Project object */;
}
