// !$*UTF8*$!
{
	archiveVersion = 1;
	classes = {
	};
	objectVersion = 56;
	objects = {

/* Begin PBXBuildFile section */
		551C02DF2987109100C5A436 /* ForEachBootcamp.swift in Sources */ = {isa = PBXBuildFile; fileRef = 551C02DE2987109100C5A436 /* ForEachBootcamp.swift */; };
		5521770729B1185C004C2D2D /* AlertBootcamp32.swift in Sources */ = {isa = PBXBuildFile; fileRef = 5521770629B1185C004C2D2D /* AlertBootcamp32.swift */; };
		552D3098297D771800DBDEEB /* SwiftUIThinkingBootcampAppApp.swift in Sources */ = {isa = PBXBuildFile; fileRef = 552D3097297D771800DBDEEB /* SwiftUIThinkingBootcampAppApp.swift */; };
		552D309C297D771900DBDEEB /* Assets.xcassets in Resources */ = {isa = PBXBuildFile; fileRef = 552D309B297D771900DBDEEB /* Assets.xcassets */; };
		552D309F297D771900DBDEEB /* Preview Assets.xcassets in Resources */ = {isa = PBXBuildFile; fileRef = 552D309E297D771900DBDEEB /* Preview Assets.xcassets */; };
		552D30A6297D774200DBDEEB /* TextBootcamp.swift in Sources */ = {isa = PBXBuildFile; fileRef = 552D30A5297D774200DBDEEB /* TextBootcamp.swift */; };
		552D30A8297D811600DBDEEB /* ShapesBootcamp.swift in Sources */ = {isa = PBXBuildFile; fileRef = 552D30A7297D811600DBDEEB /* ShapesBootcamp.swift */; };
		552D30AA297D974200DBDEEB /* ColorBootcamp.swift in Sources */ = {isa = PBXBuildFile; fileRef = 552D30A9297D974200DBDEEB /* ColorBootcamp.swift */; };
		5530219329E7E6810071E290 /* ProfileView.swift in Sources */ = {isa = PBXBuildFile; fileRef = 5530219229E7E6810071E290 /* ProfileView.swift */; };
		5530219529E7EE7D0071E290 /* AsyncImageBootcamp54.swift in Sources */ = {isa = PBXBuildFile; fileRef = 5530219429E7EE7D0071E290 /* AsyncImageBootcamp54.swift */; };
		553E8C9829B9F01800E725F7 /* ToggleBootcamp37.swift in Sources */ = {isa = PBXBuildFile; fileRef = 553E8C9729B9F01800E725F7 /* ToggleBootcamp37.swift */; };
		553E8C9A29B9F16D00E725F7 /* PickerBootcamp38.swift in Sources */ = {isa = PBXBuildFile; fileRef = 553E8C9929B9F16C00E725F7 /* PickerBootcamp38.swift */; };
		55411ADF29BBAE6C00B453C8 /* ColorPickerBootcamp39.swift in Sources */ = {isa = PBXBuildFile; fileRef = 55411ADE29BBAE6C00B453C8 /* ColorPickerBootcamp39.swift */; };
		55411AE129BBB34800B453C8 /* DatePickerBootcamp40.swift in Sources */ = {isa = PBXBuildFile; fileRef = 55411AE029BBB34800B453C8 /* DatePickerBootcamp40.swift */; };
		554B8EE429885B2B004C9A82 /* ScrollViewBootcamp.swift in Sources */ = {isa = PBXBuildFile; fileRef = 554B8EE329885B2B004C9A82 /* ScrollViewBootcamp.swift */; };
		554B8EE62988639C004C9A82 /* GridBootcamp.swift in Sources */ = {isa = PBXBuildFile; fileRef = 554B8EE52988639C004C9A82 /* GridBootcamp.swift */; };
		554B8EE829897B1F004C9A82 /* SafeAreaBootcamp.swift in Sources */ = {isa = PBXBuildFile; fileRef = 554B8EE729897B1F004C9A82 /* SafeAreaBootcamp.swift */; };
		554B8EEA298980D3004C9A82 /* ButtonsBootcamp.swift in Sources */ = {isa = PBXBuildFile; fileRef = 554B8EE9298980D3004C9A82 /* ButtonsBootcamp.swift */; };
		5550B9A529A830F8006EB076 /* NavigationViewBootcamp30.swift in Sources */ = {isa = PBXBuildFile; fileRef = 5550B9A429A830F7006EB076 /* NavigationViewBootcamp30.swift */; };
		5550B9A729A8E78B006EB076 /* ListBootcamp31.swift in Sources */ = {isa = PBXBuildFile; fileRef = 5550B9A629A8E78B006EB076 /* ListBootcamp31.swift */; };
		5551F1EA29C3830C0067B1CE /* TabViewBootcamp43.swift in Sources */ = {isa = PBXBuildFile; fileRef = 5551F1E929C3830C0067B1CE /* TabViewBootcamp43.swift */; };
		5551F1EC29C396400067B1CE /* DarkModeBootcamp44.swift in Sources */ = {isa = PBXBuildFile; fileRef = 5551F1EB29C396400067B1CE /* DarkModeBootcamp44.swift */; };
		555BFE5A29911E2100F6C05B /* AnimationBootcamp25.swift in Sources */ = {isa = PBXBuildFile; fileRef = 555BFE5929911E2100F6C05B /* AnimationBootcamp25.swift */; };
		5563E1ED29A2CEB800D8A518 /* PopoverBootcamp29.swift in Sources */ = {isa = PBXBuildFile; fileRef = 5563E1EC29A2CEB800D8A518 /* PopoverBootcamp29.swift */; };
		556AECE129CCCE000076FCF7 /* OnAppearBootcamp46.swift in Sources */ = {isa = PBXBuildFile; fileRef = 556AECE029CCCE000076FCF7 /* OnAppearBootcamp46.swift */; };
		556AECE329CCD1DF0076FCF7 /* IfLetGuardBootcamp47.swift in Sources */ = {isa = PBXBuildFile; fileRef = 556AECE229CCD1DF0076FCF7 /* IfLetGuardBootcamp47.swift */; };
		556AECE529CCD6F50076FCF7 /* TapGestureBootcamp48.swift in Sources */ = {isa = PBXBuildFile; fileRef = 556AECE429CCD6F50076FCF7 /* TapGestureBootcamp48.swift */; };
		556D8B062985421400CE90B8 /* SpacerBootcamp.swift in Sources */ = {isa = PBXBuildFile; fileRef = 556D8B052985421400CE90B8 /* SpacerBootcamp.swift */; };
		5573462E298B178B00644D09 /* StateBootcamp.swift in Sources */ = {isa = PBXBuildFile; fileRef = 5573462D298B178B00644D09 /* StateBootcamp.swift */; };
		55734630298B1BBB00644D09 /* ExtractedFunctionsBootcamp.swift in Sources */ = {isa = PBXBuildFile; fileRef = 5573462F298B1BBB00644D09 /* ExtractedFunctionsBootcamp.swift */; };
		55734632298B231700644D09 /* ExtractSubviewsBootcamp.swift in Sources */ = {isa = PBXBuildFile; fileRef = 55734631298B231700644D09 /* ExtractSubviewsBootcamp.swift */; };
		55734638298BC9F000644D09 /* BindingBootcamp.swift in Sources */ = {isa = PBXBuildFile; fileRef = 55734637298BC9F000644D09 /* BindingBootcamp.swift */; };
		5573463A298BE50400644D09 /* ConditionalBootcamp.swift in Sources */ = {isa = PBXBuildFile; fileRef = 55734639298BE50400644D09 /* ConditionalBootcamp.swift */; };
		5573463C298BEEF900644D09 /* TernaryBootcamp.swift in Sources */ = {isa = PBXBuildFile; fileRef = 5573463B298BEEF900644D09 /* TernaryBootcamp.swift */; };
		557CF07C29B4A6BA00653198 /* ActionSheetBootcamp33.swift in Sources */ = {isa = PBXBuildFile; fileRef = 557CF07B29B4A6BA00653198 /* ActionSheetBootcamp33.swift */; };
		557CF07E29B5EC8900653198 /* ContextMenuBootcamp34.swift in Sources */ = {isa = PBXBuildFile; fileRef = 557CF07D29B5EC8900653198 /* ContextMenuBootcamp34.swift */; };
		557CF08029B5F11100653198 /* TextfieldBootcamp35.swift in Sources */ = {isa = PBXBuildFile; fileRef = 557CF07F29B5F11100653198 /* TextfieldBootcamp35.swift */; };
		558122C129C47933004E3C84 /* DocumentationBootcamp45.swift in Sources */ = {isa = PBXBuildFile; fileRef = 558122C029C47933004E3C84 /* DocumentationBootcamp45.swift */; };
		55894C6629B8EC57004E4BC6 /* TexEtditorBootcamp36.swift in Sources */ = {isa = PBXBuildFile; fileRef = 55894C6529B8EC57004E4BC6 /* TexEtditorBootcamp36.swift */; };
		558DFE792983EC8900D3E9C3 /* PaddingBootcamp.swift in Sources */ = {isa = PBXBuildFile; fileRef = 558DFE782983EC8900D3E9C3 /* PaddingBootcamp.swift */; };
		559EAA8929DD8540008BCD8B /* EnvironmentObjectBootcamp51.swift in Sources */ = {isa = PBXBuildFile; fileRef = 559EAA8829DD8540008BCD8B /* EnvironmentObjectBootcamp51.swift */; };
		559EAA8B29DD94AA008BCD8B /* AppStorageBootcamp52.swift in Sources */ = {isa = PBXBuildFile; fileRef = 559EAA8A29DD94AA008BCD8B /* AppStorageBootcamp52.swift */; };
		55A8BA5F29C1CC05000D9395 /* StepperBootcamp41.swift in Sources */ = {isa = PBXBuildFile; fileRef = 55A8BA5E29C1CC05000D9395 /* StepperBootcamp41.swift */; };
		55A8BA6129C1D20E000D9395 /* SliderBootcamp42.swift in Sources */ = {isa = PBXBuildFile; fileRef = 55A8BA6029C1D20E000D9395 /* SliderBootcamp42.swift */; };
		55B84C0629E6B79F00F0EE1A /* IntroView.swift in Sources */ = {isa = PBXBuildFile; fileRef = 55B84C0529E6B79F00F0EE1A /* IntroView.swift */; };
		55B84C0929E6BA3400F0EE1A /* OnboardingView.swift in Sources */ = {isa = PBXBuildFile; fileRef = 55B84C0829E6BA3400F0EE1A /* OnboardingView.swift */; };
		55CB69ED29D466080019A91E /* ModelBootcamp49.swift in Sources */ = {isa = PBXBuildFile; fileRef = 55CB69EC29D466080019A91E /* ModelBootcamp49.swift */; };
		55CB69EF29D48C870019A91E /* ViewModelBootcamp50.swift in Sources */ = {isa = PBXBuildFile; fileRef = 55CB69EE29D48C860019A91E /* ViewModelBootcamp50.swift */; };
		55DC74F12980313600B3CC85 /* GradientBootcamp.swift in Sources */ = {isa = PBXBuildFile; fileRef = 55DC74F02980313600B3CC85 /* GradientBootcamp.swift */; };
		55DC74F3298037AA00B3CC85 /* IconsBootcamp.swift in Sources */ = {isa = PBXBuildFile; fileRef = 55DC74F2298037A900B3CC85 /* IconsBootcamp.swift */; };
		55DC74FB298165C400B3CC85 /* ImageBootcamp.swift in Sources */ = {isa = PBXBuildFile; fileRef = 55DC74FA298165C400B3CC85 /* ImageBootcamp.swift */; };
		55DC74FF2981737200B3CC85 /* FrameBootcam.swift in Sources */ = {isa = PBXBuildFile; fileRef = 55DC74FE2981737200B3CC85 /* FrameBootcam.swift */; };
		55DF367B2982B6850006CF27 /* Background&OverlayBootcamp.swift in Sources */ = {isa = PBXBuildFile; fileRef = 55DF367A2982B6850006CF27 /* Background&OverlayBootcamp.swift */; };
		55DF367D2982D5690006CF27 /* StacksBootcamp.swift in Sources */ = {isa = PBXBuildFile; fileRef = 55DF367C2982D5690006CF27 /* StacksBootcamp.swift */; };
		55ED875C2986D4B200156F79 /* InitializerBootcamp.swift in Sources */ = {isa = PBXBuildFile; fileRef = 55ED875B2986D4B200156F79 /* InitializerBootcamp.swift */; };
		55FA82E2299533D2009238DD /* AnimationTimingBootcamp26.swift in Sources */ = {isa = PBXBuildFile; fileRef = 55FA82E1299533D2009238DD /* AnimationTimingBootcamp26.swift */; };
		55FA82E4299541C5009238DD /* TransitionBootcamp27.swift in Sources */ = {isa = PBXBuildFile; fileRef = 55FA82E3299541C5009238DD /* TransitionBootcamp27.swift */; };
		55FA82E8299550F0009238DD /* SheetsBootcamp28.swift in Sources */ = {isa = PBXBuildFile; fileRef = 55FA82E7299550F0009238DD /* SheetsBootcamp28.swift */; };
/* End PBXBuildFile section */

/* Begin PBXFileReference section */
		551C02DE2987109100C5A436 /* ForEachBootcamp.swift */ = {isa = PBXFileReference; lastKnownFileType = sourcecode.swift; path = ForEachBootcamp.swift; sourceTree = "<group>"; };
		5521770629B1185C004C2D2D /* AlertBootcamp32.swift */ = {isa = PBXFileReference; lastKnownFileType = sourcecode.swift; path = AlertBootcamp32.swift; sourceTree = "<group>"; };
		552D3094297D771800DBDEEB /* SwiftUIThinkingBootcampApp.app */ = {isa = PBXFileReference; explicitFileType = wrapper.application; includeInIndex = 0; path = SwiftUIThinkingBootcampApp.app; sourceTree = BUILT_PRODUCTS_DIR; };
		552D3097297D771800DBDEEB /* SwiftUIThinkingBootcampAppApp.swift */ = {isa = PBXFileReference; lastKnownFileType = sourcecode.swift; path = SwiftUIThinkingBootcampAppApp.swift; sourceTree = "<group>"; };
		552D309B297D771900DBDEEB /* Assets.xcassets */ = {isa = PBXFileReference; lastKnownFileType = folder.assetcatalog; path = Assets.xcassets; sourceTree = "<group>"; };
		552D309E297D771900DBDEEB /* Preview Assets.xcassets */ = {isa = PBXFileReference; lastKnownFileType = folder.assetcatalog; path = "Preview Assets.xcassets"; sourceTree = "<group>"; };
		552D30A5297D774200DBDEEB /* TextBootcamp.swift */ = {isa = PBXFileReference; lastKnownFileType = sourcecode.swift; path = TextBootcamp.swift; sourceTree = "<group>"; };
		552D30A7297D811600DBDEEB /* ShapesBootcamp.swift */ = {isa = PBXFileReference; lastKnownFileType = sourcecode.swift; path = ShapesBootcamp.swift; sourceTree = "<group>"; };
		552D30A9297D974200DBDEEB /* ColorBootcamp.swift */ = {isa = PBXFileReference; lastKnownFileType = sourcecode.swift; path = ColorBootcamp.swift; sourceTree = "<group>"; };
		5530219229E7E6810071E290 /* ProfileView.swift */ = {isa = PBXFileReference; lastKnownFileType = sourcecode.swift; path = ProfileView.swift; sourceTree = "<group>"; };
		5530219429E7EE7D0071E290 /* AsyncImageBootcamp54.swift */ = {isa = PBXFileReference; lastKnownFileType = sourcecode.swift; path = AsyncImageBootcamp54.swift; sourceTree = "<group>"; };
		553E8C9729B9F01800E725F7 /* ToggleBootcamp37.swift */ = {isa = PBXFileReference; lastKnownFileType = sourcecode.swift; path = ToggleBootcamp37.swift; sourceTree = "<group>"; };
		553E8C9929B9F16C00E725F7 /* PickerBootcamp38.swift */ = {isa = PBXFileReference; lastKnownFileType = sourcecode.swift; path = PickerBootcamp38.swift; sourceTree = "<group>"; };
		55411ADE29BBAE6C00B453C8 /* ColorPickerBootcamp39.swift */ = {isa = PBXFileReference; lastKnownFileType = sourcecode.swift; path = ColorPickerBootcamp39.swift; sourceTree = "<group>"; };
		55411AE029BBB34800B453C8 /* DatePickerBootcamp40.swift */ = {isa = PBXFileReference; lastKnownFileType = sourcecode.swift; path = DatePickerBootcamp40.swift; sourceTree = "<group>"; };
		554B8EE329885B2B004C9A82 /* ScrollViewBootcamp.swift */ = {isa = PBXFileReference; lastKnownFileType = sourcecode.swift; path = ScrollViewBootcamp.swift; sourceTree = "<group>"; };
		554B8EE52988639C004C9A82 /* GridBootcamp.swift */ = {isa = PBXFileReference; lastKnownFileType = sourcecode.swift; path = GridBootcamp.swift; sourceTree = "<group>"; };
		554B8EE729897B1F004C9A82 /* SafeAreaBootcamp.swift */ = {isa = PBXFileReference; lastKnownFileType = sourcecode.swift; path = SafeAreaBootcamp.swift; sourceTree = "<group>"; };
		554B8EE9298980D3004C9A82 /* ButtonsBootcamp.swift */ = {isa = PBXFileReference; lastKnownFileType = sourcecode.swift; path = ButtonsBootcamp.swift; sourceTree = "<group>"; };
		5550B9A429A830F7006EB076 /* NavigationViewBootcamp30.swift */ = {isa = PBXFileReference; lastKnownFileType = sourcecode.swift; path = NavigationViewBootcamp30.swift; sourceTree = "<group>"; };
		5550B9A629A8E78B006EB076 /* ListBootcamp31.swift */ = {isa = PBXFileReference; lastKnownFileType = sourcecode.swift; path = ListBootcamp31.swift; sourceTree = "<group>"; };
		5551F1E929C3830C0067B1CE /* TabViewBootcamp43.swift */ = {isa = PBXFileReference; lastKnownFileType = sourcecode.swift; path = TabViewBootcamp43.swift; sourceTree = "<group>"; };
		5551F1EB29C396400067B1CE /* DarkModeBootcamp44.swift */ = {isa = PBXFileReference; lastKnownFileType = sourcecode.swift; path = DarkModeBootcamp44.swift; sourceTree = "<group>"; };
		555BFE5929911E2100F6C05B /* AnimationBootcamp25.swift */ = {isa = PBXFileReference; lastKnownFileType = sourcecode.swift; path = AnimationBootcamp25.swift; sourceTree = "<group>"; };
		5563E1EC29A2CEB800D8A518 /* PopoverBootcamp29.swift */ = {isa = PBXFileReference; lastKnownFileType = sourcecode.swift; path = PopoverBootcamp29.swift; sourceTree = "<group>"; };
		556AECE029CCCE000076FCF7 /* OnAppearBootcamp46.swift */ = {isa = PBXFileReference; lastKnownFileType = sourcecode.swift; path = OnAppearBootcamp46.swift; sourceTree = "<group>"; };
		556AECE229CCD1DF0076FCF7 /* IfLetGuardBootcamp47.swift */ = {isa = PBXFileReference; lastKnownFileType = sourcecode.swift; path = IfLetGuardBootcamp47.swift; sourceTree = "<group>"; };
		556AECE429CCD6F50076FCF7 /* TapGestureBootcamp48.swift */ = {isa = PBXFileReference; lastKnownFileType = sourcecode.swift; path = TapGestureBootcamp48.swift; sourceTree = "<group>"; };
		556D8B052985421400CE90B8 /* SpacerBootcamp.swift */ = {isa = PBXFileReference; lastKnownFileType = sourcecode.swift; path = SpacerBootcamp.swift; sourceTree = "<group>"; };
		5573462D298B178B00644D09 /* StateBootcamp.swift */ = {isa = PBXFileReference; lastKnownFileType = sourcecode.swift; path = StateBootcamp.swift; sourceTree = "<group>"; };
		5573462F298B1BBB00644D09 /* ExtractedFunctionsBootcamp.swift */ = {isa = PBXFileReference; lastKnownFileType = sourcecode.swift; path = ExtractedFunctionsBootcamp.swift; sourceTree = "<group>"; };
		55734631298B231700644D09 /* ExtractSubviewsBootcamp.swift */ = {isa = PBXFileReference; lastKnownFileType = sourcecode.swift; path = ExtractSubviewsBootcamp.swift; sourceTree = "<group>"; };
		55734637298BC9F000644D09 /* BindingBootcamp.swift */ = {isa = PBXFileReference; lastKnownFileType = sourcecode.swift; path = BindingBootcamp.swift; sourceTree = "<group>"; };
		55734639298BE50400644D09 /* ConditionalBootcamp.swift */ = {isa = PBXFileReference; lastKnownFileType = sourcecode.swift; path = ConditionalBootcamp.swift; sourceTree = "<group>"; };
		5573463B298BEEF900644D09 /* TernaryBootcamp.swift */ = {isa = PBXFileReference; lastKnownFileType = sourcecode.swift; path = TernaryBootcamp.swift; sourceTree = "<group>"; };
		557CF07B29B4A6BA00653198 /* ActionSheetBootcamp33.swift */ = {isa = PBXFileReference; lastKnownFileType = sourcecode.swift; path = ActionSheetBootcamp33.swift; sourceTree = "<group>"; };
		557CF07D29B5EC8900653198 /* ContextMenuBootcamp34.swift */ = {isa = PBXFileReference; lastKnownFileType = sourcecode.swift; path = ContextMenuBootcamp34.swift; sourceTree = "<group>"; };
		557CF07F29B5F11100653198 /* TextfieldBootcamp35.swift */ = {isa = PBXFileReference; lastKnownFileType = sourcecode.swift; path = TextfieldBootcamp35.swift; sourceTree = "<group>"; };
		558122C029C47933004E3C84 /* DocumentationBootcamp45.swift */ = {isa = PBXFileReference; lastKnownFileType = sourcecode.swift; path = DocumentationBootcamp45.swift; sourceTree = "<group>"; };
		55894C6529B8EC57004E4BC6 /* TexEtditorBootcamp36.swift */ = {isa = PBXFileReference; lastKnownFileType = sourcecode.swift; path = TexEtditorBootcamp36.swift; sourceTree = "<group>"; };
		558DFE782983EC8900D3E9C3 /* PaddingBootcamp.swift */ = {isa = PBXFileReference; lastKnownFileType = sourcecode.swift; path = PaddingBootcamp.swift; sourceTree = "<group>"; };
		559EAA8829DD8540008BCD8B /* EnvironmentObjectBootcamp51.swift */ = {isa = PBXFileReference; lastKnownFileType = sourcecode.swift; path = EnvironmentObjectBootcamp51.swift; sourceTree = "<group>"; };
		559EAA8A29DD94AA008BCD8B /* AppStorageBootcamp52.swift */ = {isa = PBXFileReference; lastKnownFileType = sourcecode.swift; path = AppStorageBootcamp52.swift; sourceTree = "<group>"; };
		55A8BA5E29C1CC05000D9395 /* StepperBootcamp41.swift */ = {isa = PBXFileReference; lastKnownFileType = sourcecode.swift; path = StepperBootcamp41.swift; sourceTree = "<group>"; };
		55A8BA6029C1D20E000D9395 /* SliderBootcamp42.swift */ = {isa = PBXFileReference; lastKnownFileType = sourcecode.swift; path = SliderBootcamp42.swift; sourceTree = "<group>"; };
		55B84C0529E6B79F00F0EE1A /* IntroView.swift */ = {isa = PBXFileReference; lastKnownFileType = sourcecode.swift; path = IntroView.swift; sourceTree = "<group>"; };
		55B84C0829E6BA3400F0EE1A /* OnboardingView.swift */ = {isa = PBXFileReference; lastKnownFileType = sourcecode.swift; path = OnboardingView.swift; sourceTree = "<group>"; };
		55CB69EC29D466080019A91E /* ModelBootcamp49.swift */ = {isa = PBXFileReference; lastKnownFileType = sourcecode.swift; path = ModelBootcamp49.swift; sourceTree = "<group>"; };
		55CB69EE29D48C860019A91E /* ViewModelBootcamp50.swift */ = {isa = PBXFileReference; lastKnownFileType = sourcecode.swift; path = ViewModelBootcamp50.swift; sourceTree = "<group>"; };
		55DC74F02980313600B3CC85 /* GradientBootcamp.swift */ = {isa = PBXFileReference; lastKnownFileType = sourcecode.swift; path = GradientBootcamp.swift; sourceTree = "<group>"; };
		55DC74F2298037A900B3CC85 /* IconsBootcamp.swift */ = {isa = PBXFileReference; lastKnownFileType = sourcecode.swift; path = IconsBootcamp.swift; sourceTree = "<group>"; };
		55DC74FA298165C400B3CC85 /* ImageBootcamp.swift */ = {isa = PBXFileReference; lastKnownFileType = sourcecode.swift; path = ImageBootcamp.swift; sourceTree = "<group>"; };
		55DC74FE2981737200B3CC85 /* FrameBootcam.swift */ = {isa = PBXFileReference; lastKnownFileType = sourcecode.swift; path = FrameBootcam.swift; sourceTree = "<group>"; };
		55DF367A2982B6850006CF27 /* Background&OverlayBootcamp.swift */ = {isa = PBXFileReference; lastKnownFileType = sourcecode.swift; path = "Background&OverlayBootcamp.swift"; sourceTree = "<group>"; };
		55DF367C2982D5690006CF27 /* StacksBootcamp.swift */ = {isa = PBXFileReference; lastKnownFileType = sourcecode.swift; path = StacksBootcamp.swift; sourceTree = "<group>"; };
		55ED875B2986D4B200156F79 /* InitializerBootcamp.swift */ = {isa = PBXFileReference; lastKnownFileType = sourcecode.swift; path = InitializerBootcamp.swift; sourceTree = "<group>"; };
		55FA82E1299533D2009238DD /* AnimationTimingBootcamp26.swift */ = {isa = PBXFileReference; lastKnownFileType = sourcecode.swift; path = AnimationTimingBootcamp26.swift; sourceTree = "<group>"; };
		55FA82E3299541C5009238DD /* TransitionBootcamp27.swift */ = {isa = PBXFileReference; lastKnownFileType = sourcecode.swift; path = TransitionBootcamp27.swift; sourceTree = "<group>"; };
		55FA82E7299550F0009238DD /* SheetsBootcamp28.swift */ = {isa = PBXFileReference; lastKnownFileType = sourcecode.swift; path = SheetsBootcamp28.swift; sourceTree = "<group>"; };
/* End PBXFileReference section */

/* Begin PBXFrameworksBuildPhase section */
		552D3091297D771800DBDEEB /* Frameworks */ = {
			isa = PBXFrameworksBuildPhase;
			buildActionMask = 2147483647;
			files = (
			);
			runOnlyForDeploymentPostprocessing = 0;
		};
/* End PBXFrameworksBuildPhase section */

/* Begin PBXGroup section */
		552D308B297D771800DBDEEB = {
			isa = PBXGroup;
			children = (
				552D3096297D771800DBDEEB /* SwiftUIThinkingBootcampApp */,
				552D3095297D771800DBDEEB /* Products */,
			);
			sourceTree = "<group>";
		};
		552D3095297D771800DBDEEB /* Products */ = {
			isa = PBXGroup;
			children = (
				552D3094297D771800DBDEEB /* SwiftUIThinkingBootcampApp.app */,
			);
			name = Products;
			sourceTree = "<group>";
		};
		552D3096297D771800DBDEEB /* SwiftUIThinkingBootcampApp */ = {
			isa = PBXGroup;
			children = (
				552D3097297D771800DBDEEB /* SwiftUIThinkingBootcampAppApp.swift */,
				552D30A5297D774200DBDEEB /* TextBootcamp.swift */,
				552D30A7297D811600DBDEEB /* ShapesBootcamp.swift */,
				552D30A9297D974200DBDEEB /* ColorBootcamp.swift */,
				55DC74F02980313600B3CC85 /* GradientBootcamp.swift */,
				55DC74F2298037A900B3CC85 /* IconsBootcamp.swift */,
				55DC74FA298165C400B3CC85 /* ImageBootcamp.swift */,
				55DC74FE2981737200B3CC85 /* FrameBootcam.swift */,
				55DF367A2982B6850006CF27 /* Background&OverlayBootcamp.swift */,
				55DF367C2982D5690006CF27 /* StacksBootcamp.swift */,
				558DFE782983EC8900D3E9C3 /* PaddingBootcamp.swift */,
				556D8B052985421400CE90B8 /* SpacerBootcamp.swift */,
				55ED875B2986D4B200156F79 /* InitializerBootcamp.swift */,
				551C02DE2987109100C5A436 /* ForEachBootcamp.swift */,
				554B8EE329885B2B004C9A82 /* ScrollViewBootcamp.swift */,
				554B8EE52988639C004C9A82 /* GridBootcamp.swift */,
				554B8EE729897B1F004C9A82 /* SafeAreaBootcamp.swift */,
				554B8EE9298980D3004C9A82 /* ButtonsBootcamp.swift */,
				5573462D298B178B00644D09 /* StateBootcamp.swift */,
				5573462F298B1BBB00644D09 /* ExtractedFunctionsBootcamp.swift */,
				55734631298B231700644D09 /* ExtractSubviewsBootcamp.swift */,
				55734637298BC9F000644D09 /* BindingBootcamp.swift */,
				55734639298BE50400644D09 /* ConditionalBootcamp.swift */,
				5573463B298BEEF900644D09 /* TernaryBootcamp.swift */,
				555BFE5929911E2100F6C05B /* AnimationBootcamp25.swift */,
				55FA82E1299533D2009238DD /* AnimationTimingBootcamp26.swift */,
				55FA82E3299541C5009238DD /* TransitionBootcamp27.swift */,
				55FA82E7299550F0009238DD /* SheetsBootcamp28.swift */,
				5563E1EC29A2CEB800D8A518 /* PopoverBootcamp29.swift */,
				5550B9A429A830F7006EB076 /* NavigationViewBootcamp30.swift */,
				5550B9A629A8E78B006EB076 /* ListBootcamp31.swift */,
				5521770629B1185C004C2D2D /* AlertBootcamp32.swift */,
				557CF07B29B4A6BA00653198 /* ActionSheetBootcamp33.swift */,
				557CF07D29B5EC8900653198 /* ContextMenuBootcamp34.swift */,
				557CF07F29B5F11100653198 /* TextfieldBootcamp35.swift */,
				55894C6529B8EC57004E4BC6 /* TexEtditorBootcamp36.swift */,
				553E8C9729B9F01800E725F7 /* ToggleBootcamp37.swift */,
				553E8C9929B9F16C00E725F7 /* PickerBootcamp38.swift */,
				55411ADE29BBAE6C00B453C8 /* ColorPickerBootcamp39.swift */,
				55411AE029BBB34800B453C8 /* DatePickerBootcamp40.swift */,
				55A8BA5E29C1CC05000D9395 /* StepperBootcamp41.swift */,
				55A8BA6029C1D20E000D9395 /* SliderBootcamp42.swift */,
				5551F1E929C3830C0067B1CE /* TabViewBootcamp43.swift */,
				5551F1EB29C396400067B1CE /* DarkModeBootcamp44.swift */,
				558122C029C47933004E3C84 /* DocumentationBootcamp45.swift */,
				556AECE029CCCE000076FCF7 /* OnAppearBootcamp46.swift */,
				556AECE229CCD1DF0076FCF7 /* IfLetGuardBootcamp47.swift */,
				556AECE429CCD6F50076FCF7 /* TapGestureBootcamp48.swift */,
				55CB69EC29D466080019A91E /* ModelBootcamp49.swift */,
				55CB69EE29D48C860019A91E /* ViewModelBootcamp50.swift */,
				559EAA8829DD8540008BCD8B /* EnvironmentObjectBootcamp51.swift */,
				559EAA8A29DD94AA008BCD8B /* AppStorageBootcamp52.swift */,
				5530219429E7EE7D0071E290 /* AsyncImageBootcamp54.swift */,
				55B84C0729E6BA1200F0EE1A /* OnboardingsViews */,
				552D309B297D771900DBDEEB /* Assets.xcassets */,
				552D309D297D771900DBDEEB /* Preview Content */,
			);
			path = SwiftUIThinkingBootcampApp;
			sourceTree = "<group>";
		};
		552D309D297D771900DBDEEB /* Preview Content */ = {
			isa = PBXGroup;
			children = (
				552D309E297D771900DBDEEB /* Preview Assets.xcassets */,
			);
			path = "Preview Content";
			sourceTree = "<group>";
		};
		55B84C0729E6BA1200F0EE1A /* OnboardingsViews */ = {
			isa = PBXGroup;
			children = (
				55B84C0529E6B79F00F0EE1A /* IntroView.swift */,
				55B84C0829E6BA3400F0EE1A /* OnboardingView.swift */,
				5530219229E7E6810071E290 /* ProfileView.swift */,
			);
			path = OnboardingsViews;
			sourceTree = "<group>";
		};
/* End PBXGroup section */

/* Begin PBXNativeTarget section */
		552D3093297D771800DBDEEB /* SwiftUIThinkingBootcampApp */ = {
			isa = PBXNativeTarget;
			buildConfigurationList = 552D30A2297D771900DBDEEB /* Build configuration list for PBXNativeTarget "SwiftUIThinkingBootcampApp" */;
			buildPhases = (
				552D3090297D771800DBDEEB /* Sources */,
				552D3091297D771800DBDEEB /* Frameworks */,
				552D3092297D771800DBDEEB /* Resources */,
			);
			buildRules = (
			);
			dependencies = (
			);
			name = SwiftUIThinkingBootcampApp;
			productName = SwiftUIThinkingBootcampApp;
			productReference = 552D3094297D771800DBDEEB /* SwiftUIThinkingBootcampApp.app */;
			productType = "com.apple.product-type.application";
		};
/* End PBXNativeTarget section */

/* Begin PBXProject section */
		552D308C297D771800DBDEEB /* Project object */ = {
			isa = PBXProject;
			attributes = {
				BuildIndependentTargetsInParallel = 1;
				LastSwiftUpdateCheck = 1420;
				LastUpgradeCheck = 1420;
				TargetAttributes = {
					552D3093297D771800DBDEEB = {
						CreatedOnToolsVersion = 14.2;
					};
				};
			};
			buildConfigurationList = 552D308F297D771800DBDEEB /* Build configuration list for PBXProject "SwiftUIThinkingBootcampApp" */;
			compatibilityVersion = "Xcode 14.0";
			developmentRegion = en;
			hasScannedForEncodings = 0;
			knownRegions = (
				en,
				Base,
			);
			mainGroup = 552D308B297D771800DBDEEB;
			productRefGroup = 552D3095297D771800DBDEEB /* Products */;
			projectDirPath = "";
			projectRoot = "";
			targets = (
				552D3093297D771800DBDEEB /* SwiftUIThinkingBootcampApp */,
			);
		};
/* End PBXProject section */

/* Begin PBXResourcesBuildPhase section */
		552D3092297D771800DBDEEB /* Resources */ = {
			isa = PBXResourcesBuildPhase;
			buildActionMask = 2147483647;
			files = (
				552D309F297D771900DBDEEB /* Preview Assets.xcassets in Resources */,
				552D309C297D771900DBDEEB /* Assets.xcassets in Resources */,
			);
			runOnlyForDeploymentPostprocessing = 0;
		};
/* End PBXResourcesBuildPhase section */

/* Begin PBXSourcesBuildPhase section */
		552D3090297D771800DBDEEB /* Sources */ = {
			isa = PBXSourcesBuildPhase;
			buildActionMask = 2147483647;
			files = (
				5573462E298B178B00644D09 /* StateBootcamp.swift in Sources */,
				552D30AA297D974200DBDEEB /* ColorBootcamp.swift in Sources */,
				5521770729B1185C004C2D2D /* AlertBootcamp32.swift in Sources */,
				559EAA8B29DD94AA008BCD8B /* AppStorageBootcamp52.swift in Sources */,
				5530219529E7EE7D0071E290 /* AsyncImageBootcamp54.swift in Sources */,
				552D30A8297D811600DBDEEB /* ShapesBootcamp.swift in Sources */,
				554B8EE429885B2B004C9A82 /* ScrollViewBootcamp.swift in Sources */,
				555BFE5A29911E2100F6C05B /* AnimationBootcamp25.swift in Sources */,
				556AECE129CCCE000076FCF7 /* OnAppearBootcamp46.swift in Sources */,
				552D30A6297D774200DBDEEB /* TextBootcamp.swift in Sources */,
				5563E1ED29A2CEB800D8A518 /* PopoverBootcamp29.swift in Sources */,
				55734632298B231700644D09 /* ExtractSubviewsBootcamp.swift in Sources */,
				553E8C9829B9F01800E725F7 /* ToggleBootcamp37.swift in Sources */,
				558DFE792983EC8900D3E9C3 /* PaddingBootcamp.swift in Sources */,
				557CF07C29B4A6BA00653198 /* ActionSheetBootcamp33.swift in Sources */,
				55734630298B1BBB00644D09 /* ExtractedFunctionsBootcamp.swift in Sources */,
				55ED875C2986D4B200156F79 /* InitializerBootcamp.swift in Sources */,
				557CF07E29B5EC8900653198 /* ContextMenuBootcamp34.swift in Sources */,
				5573463C298BEEF900644D09 /* TernaryBootcamp.swift in Sources */,
				55DC74F12980313600B3CC85 /* GradientBootcamp.swift in Sources */,
				554B8EEA298980D3004C9A82 /* ButtonsBootcamp.swift in Sources */,
				5550B9A729A8E78B006EB076 /* ListBootcamp31.swift in Sources */,
				55A8BA6129C1D20E000D9395 /* SliderBootcamp42.swift in Sources */,
				554B8EE829897B1F004C9A82 /* SafeAreaBootcamp.swift in Sources */,
				55FA82E4299541C5009238DD /* TransitionBootcamp27.swift in Sources */,
				552D3098297D771800DBDEEB /* SwiftUIThinkingBootcampAppApp.swift in Sources */,
				551C02DF2987109100C5A436 /* ForEachBootcamp.swift in Sources */,
				558122C129C47933004E3C84 /* DocumentationBootcamp45.swift in Sources */,
				556AECE529CCD6F50076FCF7 /* TapGestureBootcamp48.swift in Sources */,
				55A8BA5F29C1CC05000D9395 /* StepperBootcamp41.swift in Sources */,
				55DC74FF2981737200B3CC85 /* FrameBootcam.swift in Sources */,
				55DC74FB298165C400B3CC85 /* ImageBootcamp.swift in Sources */,
				55DF367D2982D5690006CF27 /* StacksBootcamp.swift in Sources */,
				557CF08029B5F11100653198 /* TextfieldBootcamp35.swift in Sources */,
				55734638298BC9F000644D09 /* BindingBootcamp.swift in Sources */,
				5550B9A529A830F8006EB076 /* NavigationViewBootcamp30.swift in Sources */,
				5551F1EC29C396400067B1CE /* DarkModeBootcamp44.swift in Sources */,
				556D8B062985421400CE90B8 /* SpacerBootcamp.swift in Sources */,
				55894C6629B8EC57004E4BC6 /* TexEtditorBootcamp36.swift in Sources */,
				55CB69ED29D466080019A91E /* ModelBootcamp49.swift in Sources */,
				55B84C0929E6BA3400F0EE1A /* OnboardingView.swift in Sources */,
				55CB69EF29D48C870019A91E /* ViewModelBootcamp50.swift in Sources */,
				553E8C9A29B9F16D00E725F7 /* PickerBootcamp38.swift in Sources */,
				5530219329E7E6810071E290 /* ProfileView.swift in Sources */,
				55FA82E8299550F0009238DD /* SheetsBootcamp28.swift in Sources */,
				554B8EE62988639C004C9A82 /* GridBootcamp.swift in Sources */,
				55411AE129BBB34800B453C8 /* DatePickerBootcamp40.swift in Sources */,
				5551F1EA29C3830C0067B1CE /* TabViewBootcamp43.swift in Sources */,
				55411ADF29BBAE6C00B453C8 /* ColorPickerBootcamp39.swift in Sources */,
				55FA82E2299533D2009238DD /* AnimationTimingBootcamp26.swift in Sources */,
				55B84C0629E6B79F00F0EE1A /* IntroView.swift in Sources */,
				559EAA8929DD8540008BCD8B /* EnvironmentObjectBootcamp51.swift in Sources */,
				5573463A298BE50400644D09 /* ConditionalBootcamp.swift in Sources */,
				55DF367B2982B6850006CF27 /* Background&OverlayBootcamp.swift in Sources */,
				556AECE329CCD1DF0076FCF7 /* IfLetGuardBootcamp47.swift in Sources */,
				55DC74F3298037AA00B3CC85 /* IconsBootcamp.swift in Sources */,
			);
			runOnlyForDeploymentPostprocessing = 0;
		};
/* End PBXSourcesBuildPhase section */

/* Begin XCBuildConfiguration section */
		552D30A0297D771900DBDEEB /* Debug */ = {
			isa = XCBuildConfiguration;
			buildSettings = {
				ALWAYS_SEARCH_USER_PATHS = NO;
				CLANG_ANALYZER_NONNULL = YES;
				CLANG_ANALYZER_NUMBER_OBJECT_CONVERSION = YES_AGGRESSIVE;
				CLANG_CXX_LANGUAGE_STANDARD = "gnu++20";
				CLANG_ENABLE_MODULES = YES;
				CLANG_ENABLE_OBJC_ARC = YES;
				CLANG_ENABLE_OBJC_WEAK = YES;
				CLANG_WARN_BLOCK_CAPTURE_AUTORELEASING = YES;
				CLANG_WARN_BOOL_CONVERSION = YES;
				CLANG_WARN_COMMA = YES;
				CLANG_WARN_CONSTANT_CONVERSION = YES;
				CLANG_WARN_DEPRECATED_OBJC_IMPLEMENTATIONS = YES;
				CLANG_WARN_DIRECT_OBJC_ISA_USAGE = YES_ERROR;
				CLANG_WARN_DOCUMENTATION_COMMENTS = YES;
				CLANG_WARN_EMPTY_BODY = YES;
				CLANG_WARN_ENUM_CONVERSION = YES;
				CLANG_WARN_INFINITE_RECURSION = YES;
				CLANG_WARN_INT_CONVERSION = YES;
				CLANG_WARN_NON_LITERAL_NULL_CONVERSION = YES;
				CLANG_WARN_OBJC_IMPLICIT_RETAIN_SELF = YES;
				CLANG_WARN_OBJC_LITERAL_CONVERSION = YES;
				CLANG_WARN_OBJC_ROOT_CLASS = YES_ERROR;
				CLANG_WARN_QUOTED_INCLUDE_IN_FRAMEWORK_HEADER = YES;
				CLANG_WARN_RANGE_LOOP_ANALYSIS = YES;
				CLANG_WARN_STRICT_PROTOTYPES = YES;
				CLANG_WARN_SUSPICIOUS_MOVE = YES;
				CLANG_WARN_UNGUARDED_AVAILABILITY = YES_AGGRESSIVE;
				CLANG_WARN_UNREACHABLE_CODE = YES;
				CLANG_WARN__DUPLICATE_METHOD_MATCH = YES;
				COPY_PHASE_STRIP = NO;
				DEBUG_INFORMATION_FORMAT = dwarf;
				ENABLE_STRICT_OBJC_MSGSEND = YES;
				ENABLE_TESTABILITY = YES;
				GCC_C_LANGUAGE_STANDARD = gnu11;
				GCC_DYNAMIC_NO_PIC = NO;
				GCC_NO_COMMON_BLOCKS = YES;
				GCC_OPTIMIZATION_LEVEL = 0;
				GCC_PREPROCESSOR_DEFINITIONS = (
					"DEBUG=1",
					"$(inherited)",
				);
				GCC_WARN_64_TO_32_BIT_CONVERSION = YES;
				GCC_WARN_ABOUT_RETURN_TYPE = YES_ERROR;
				GCC_WARN_UNDECLARED_SELECTOR = YES;
				GCC_WARN_UNINITIALIZED_AUTOS = YES_AGGRESSIVE;
				GCC_WARN_UNUSED_FUNCTION = YES;
				GCC_WARN_UNUSED_VARIABLE = YES;
				IPHONEOS_DEPLOYMENT_TARGET = 16.2;
				MTL_ENABLE_DEBUG_INFO = INCLUDE_SOURCE;
				MTL_FAST_MATH = YES;
				ONLY_ACTIVE_ARCH = YES;
				SDKROOT = iphoneos;
				SWIFT_ACTIVE_COMPILATION_CONDITIONS = DEBUG;
				SWIFT_OPTIMIZATION_LEVEL = "-Onone";
			};
			name = Debug;
		};
		552D30A1297D771900DBDEEB /* Release */ = {
			isa = XCBuildConfiguration;
			buildSettings = {
				ALWAYS_SEARCH_USER_PATHS = NO;
				CLANG_ANALYZER_NONNULL = YES;
				CLANG_ANALYZER_NUMBER_OBJECT_CONVERSION = YES_AGGRESSIVE;
				CLANG_CXX_LANGUAGE_STANDARD = "gnu++20";
				CLANG_ENABLE_MODULES = YES;
				CLANG_ENABLE_OBJC_ARC = YES;
				CLANG_ENABLE_OBJC_WEAK = YES;
				CLANG_WARN_BLOCK_CAPTURE_AUTORELEASING = YES;
				CLANG_WARN_BOOL_CONVERSION = YES;
				CLANG_WARN_COMMA = YES;
				CLANG_WARN_CONSTANT_CONVERSION = YES;
				CLANG_WARN_DEPRECATED_OBJC_IMPLEMENTATIONS = YES;
				CLANG_WARN_DIRECT_OBJC_ISA_USAGE = YES_ERROR;
				CLANG_WARN_DOCUMENTATION_COMMENTS = YES;
				CLANG_WARN_EMPTY_BODY = YES;
				CLANG_WARN_ENUM_CONVERSION = YES;
				CLANG_WARN_INFINITE_RECURSION = YES;
				CLANG_WARN_INT_CONVERSION = YES;
				CLANG_WARN_NON_LITERAL_NULL_CONVERSION = YES;
				CLANG_WARN_OBJC_IMPLICIT_RETAIN_SELF = YES;
				CLANG_WARN_OBJC_LITERAL_CONVERSION = YES;
				CLANG_WARN_OBJC_ROOT_CLASS = YES_ERROR;
				CLANG_WARN_QUOTED_INCLUDE_IN_FRAMEWORK_HEADER = YES;
				CLANG_WARN_RANGE_LOOP_ANALYSIS = YES;
				CLANG_WARN_STRICT_PROTOTYPES = YES;
				CLANG_WARN_SUSPICIOUS_MOVE = YES;
				CLANG_WARN_UNGUARDED_AVAILABILITY = YES_AGGRESSIVE;
				CLANG_WARN_UNREACHABLE_CODE = YES;
				CLANG_WARN__DUPLICATE_METHOD_MATCH = YES;
				COPY_PHASE_STRIP = NO;
				DEBUG_INFORMATION_FORMAT = "dwarf-with-dsym";
				ENABLE_NS_ASSERTIONS = NO;
				ENABLE_STRICT_OBJC_MSGSEND = YES;
				GCC_C_LANGUAGE_STANDARD = gnu11;
				GCC_NO_COMMON_BLOCKS = YES;
				GCC_WARN_64_TO_32_BIT_CONVERSION = YES;
				GCC_WARN_ABOUT_RETURN_TYPE = YES_ERROR;
				GCC_WARN_UNDECLARED_SELECTOR = YES;
				GCC_WARN_UNINITIALIZED_AUTOS = YES_AGGRESSIVE;
				GCC_WARN_UNUSED_FUNCTION = YES;
				GCC_WARN_UNUSED_VARIABLE = YES;
				IPHONEOS_DEPLOYMENT_TARGET = 16.2;
				MTL_ENABLE_DEBUG_INFO = NO;
				MTL_FAST_MATH = YES;
				SDKROOT = iphoneos;
				SWIFT_COMPILATION_MODE = wholemodule;
				SWIFT_OPTIMIZATION_LEVEL = "-O";
				VALIDATE_PRODUCT = YES;
			};
			name = Release;
		};
		552D30A3297D771900DBDEEB /* Debug */ = {
			isa = XCBuildConfiguration;
			buildSettings = {
				ASSETCATALOG_COMPILER_APPICON_NAME = AppIcon;
				ASSETCATALOG_COMPILER_GLOBAL_ACCENT_COLOR_NAME = AccentColor;
				CODE_SIGN_STYLE = Automatic;
				CURRENT_PROJECT_VERSION = 1;
				DEVELOPMENT_ASSET_PATHS = "\"SwiftUIThinkingBootcampApp/Preview Content\"";
				DEVELOPMENT_TEAM = 26MUMHYS85;
				ENABLE_PREVIEWS = YES;
				GENERATE_INFOPLIST_FILE = YES;
				INFOPLIST_KEY_UIApplicationSceneManifest_Generation = YES;
				INFOPLIST_KEY_UIApplicationSupportsIndirectInputEvents = YES;
				INFOPLIST_KEY_UILaunchScreen_Generation = YES;
				INFOPLIST_KEY_UISupportedInterfaceOrientations = UIInterfaceOrientationPortrait;
				INFOPLIST_KEY_UISupportedInterfaceOrientations_iPad = "UIInterfaceOrientationLandscapeLeft UIInterfaceOrientationLandscapeRight UIInterfaceOrientationPortrait UIInterfaceOrientationPortraitUpsideDown";
				IPHONEOS_DEPLOYMENT_TARGET = 15.0;
				LD_RUNPATH_SEARCH_PATHS = (
					"$(inherited)",
					"@executable_path/Frameworks",
				);
				MARKETING_VERSION = 1.0;
				PRODUCT_BUNDLE_IDENTIFIER = vd.SwiftUIThinkingBootcampApp;
				PRODUCT_NAME = "$(TARGET_NAME)";
				SUPPORTED_PLATFORMS = "iphoneos iphonesimulator";
				SUPPORTS_MACCATALYST = NO;
				SUPPORTS_MAC_DESIGNED_FOR_IPHONE_IPAD = NO;
				SWIFT_EMIT_LOC_STRINGS = YES;
				SWIFT_VERSION = 5.0;
				TARGETED_DEVICE_FAMILY = 1;
			};
			name = Debug;
		};
		552D30A4297D771900DBDEEB /* Release */ = {
			isa = XCBuildConfiguration;
			buildSettings = {
				ASSETCATALOG_COMPILER_APPICON_NAME = AppIcon;
				ASSETCATALOG_COMPILER_GLOBAL_ACCENT_COLOR_NAME = AccentColor;
				CODE_SIGN_STYLE = Automatic;
				CURRENT_PROJECT_VERSION = 1;
				DEVELOPMENT_ASSET_PATHS = "\"SwiftUIThinkingBootcampApp/Preview Content\"";
				DEVELOPMENT_TEAM = 26MUMHYS85;
				ENABLE_PREVIEWS = YES;
				GENERATE_INFOPLIST_FILE = YES;
				INFOPLIST_KEY_UIApplicationSceneManifest_Generation = YES;
				INFOPLIST_KEY_UIApplicationSupportsIndirectInputEvents = YES;
				INFOPLIST_KEY_UILaunchScreen_Generation = YES;
				INFOPLIST_KEY_UISupportedInterfaceOrientations = UIInterfaceOrientationPortrait;
				INFOPLIST_KEY_UISupportedInterfaceOrientations_iPad = "UIInterfaceOrientationLandscapeLeft UIInterfaceOrientationLandscapeRight UIInterfaceOrientationPortrait UIInterfaceOrientationPortraitUpsideDown";
				IPHONEOS_DEPLOYMENT_TARGET = 15.0;
				LD_RUNPATH_SEARCH_PATHS = (
					"$(inherited)",
					"@executable_path/Frameworks",
				);
				MARKETING_VERSION = 1.0;
				PRODUCT_BUNDLE_IDENTIFIER = vd.SwiftUIThinkingBootcampApp;
				PRODUCT_NAME = "$(TARGET_NAME)";
				SUPPORTED_PLATFORMS = "iphoneos iphonesimulator";
				SUPPORTS_MACCATALYST = NO;
				SUPPORTS_MAC_DESIGNED_FOR_IPHONE_IPAD = NO;
				SWIFT_EMIT_LOC_STRINGS = YES;
				SWIFT_VERSION = 5.0;
				TARGETED_DEVICE_FAMILY = 1;
			};
			name = Release;
		};
/* End XCBuildConfiguration section */

/* Begin XCConfigurationList section */
		552D308F297D771800DBDEEB /* Build configuration list for PBXProject "SwiftUIThinkingBootcampApp" */ = {
			isa = XCConfigurationList;
			buildConfigurations = (
				552D30A0297D771900DBDEEB /* Debug */,
				552D30A1297D771900DBDEEB /* Release */,
			);
			defaultConfigurationIsVisible = 0;
			defaultConfigurationName = Release;
		};
		552D30A2297D771900DBDEEB /* Build configuration list for PBXNativeTarget "SwiftUIThinkingBootcampApp" */ = {
			isa = XCConfigurationList;
			buildConfigurations = (
				552D30A3297D771900DBDEEB /* Debug */,
				552D30A4297D771900DBDEEB /* Release */,
			);
			defaultConfigurationIsVisible = 0;
			defaultConfigurationName = Release;
		};
/* End XCConfigurationList section */
	};
	rootObject = 552D308C297D771800DBDEEB /* Project object */;
}
